
Microsoft Visual Studio Solution File, Format Version 12.00
# Visual Studio 15
VisualStudioVersion = 15.0.28307.168
MinimumVisualStudioVersion = 10.0.40219.1
Project("{FAE04EC0-301F-11D3-BF4B-00C04F79EFBC}") = "SQLAbfrage_Demo", "SQLAbfrage_Demo\SQLAbfrage_Demo.csproj", "{2E1F1A44-1A1A-4A12-B00E-BF08BFC92D75}"
EndProject
Global
	GlobalSection(SolutionConfigurationPlatforms) = preSolution
		Debug|Any CPU = Debug|Any CPU
		Release|Any CPU = Release|Any CPU
	EndGlobalSection
	GlobalSection(ProjectConfigurationPlatforms) = postSolution
		{2E1F1A44-1A1A-4A12-B00E-BF08BFC92D75}.Debug|Any CPU.ActiveCfg = Debug|Any CPU
		{2E1F1A44-1A1A-4A12-B00E-BF08BFC92D75}.Debug|Any CPU.Build.0 = Debug|Any CPU
		{2E1F1A44-1A1A-4A12-B00E-BF08BFC92D75}.Release|Any CPU.ActiveCfg = Release|Any CPU
		{2E1F1A44-1A1A-4A12-B00E-BF08BFC92D75}.Release|Any CPU.Build.0 = Release|Any CPU
	EndGlobalSection
	GlobalSection(SolutionProperties) = preSolution
		HideSolutionNode = FALSE
	EndGlobalSection
	GlobalSection(ExtensibilityGlobals) = postSolution
		SolutionGuid = {5AAC481C-5B66-4B32-9E81-ADD74FD5F716}
	EndGlobalSection
EndGlobal
